// !$*UTF8*$!
{
	archiveVersion = 1;
	classes = {
	};
	objectVersion = 51;
	objects = {

/* Begin PBXBuildFile section */
		04EE5CEA21E3034A005949A3 /* AppDelegate.m in Sources */ = {isa = PBXBuildFile; fileRef = 04EE5CE921E3034A005949A3 /* AppDelegate.m */; };
		04EE5CED21E3034A005949A3 /* ViewController.m in Sources */ = {isa = PBXBuildFile; fileRef = 04EE5CEC21E3034A005949A3 /* ViewController.m */; };
		04EE5CF021E3034A005949A3 /* Main.storyboard in Resources */ = {isa = PBXBuildFile; fileRef = 04EE5CEE21E3034A005949A3 /* Main.storyboard */; };
		04EE5CF221E3034C005949A3 /* Assets.xcassets in Resources */ = {isa = PBXBuildFile; fileRef = 04EE5CF121E3034C005949A3 /* Assets.xcassets */; };
		04EE5CF521E3034C005949A3 /* LaunchScreen.storyboard in Resources */ = {isa = PBXBuildFile; fileRef = 04EE5CF321E3034C005949A3 /* LaunchScreen.storyboard */; };
		04EE5CF821E3034C005949A3 /* main.m in Sources */ = {isa = PBXBuildFile; fileRef = 04EE5CF721E3034C005949A3 /* main.m */; };
		04EE5D0221E3034C005949A3 /* HHRouterTestDemoTests.m in Sources */ = {isa = PBXBuildFile; fileRef = 04EE5D0121E3034C005949A3 /* HHRouterTestDemoTests.m */; };
		04EE5D0D21E3034C005949A3 /* HHRouterTestDemoUITests.m in Sources */ = {isa = PBXBuildFile; fileRef = 04EE5D0C21E3034C005949A3 /* HHRouterTestDemoUITests.m */; };
		04EE5D1C21E3037B005949A3 /* HHRouter.m in Sources */ = {isa = PBXBuildFile; fileRef = 04EE5D1B21E3037B005949A3 /* HHRouter.m */; };
		04EE5D2821E325DC005949A3 /* HHRouteRequest.m in Sources */ = {isa = PBXBuildFile; fileRef = 04EE5D2721E325DC005949A3 /* HHRouteRequest.m */; };
		04EE5D2B21E325EB005949A3 /* HHRouteMatcher.m in Sources */ = {isa = PBXBuildFile; fileRef = 04EE5D2A21E325EB005949A3 /* HHRouteMatcher.m */; };
		04EE5D2E21E325FD005949A3 /* HHRouteHandler.m in Sources */ = {isa = PBXBuildFile; fileRef = 04EE5D2D21E325FD005949A3 /* HHRouteHandler.m */; };
		04EE5D3421E498B1005949A3 /* NSString+HHQuery.m in Sources */ = {isa = PBXBuildFile; fileRef = 04EE5D3321E498B1005949A3 /* NSString+HHQuery.m */; };
		04EE5D3721E4A0F2005949A3 /* NSError+HHError.m in Sources */ = {isa = PBXBuildFile; fileRef = 04EE5D3621E4A0F2005949A3 /* NSError+HHError.m */; };
		04EE5D3D21E4BF2A005949A3 /* UIViewController+HHRoute.m in Sources */ = {isa = PBXBuildFile; fileRef = 04EE5D3C21E4BF2A005949A3 /* UIViewController+HHRoute.m */; };
		04EE5D4321E4E025005949A3 /* HHRegularExpression.m in Sources */ = {isa = PBXBuildFile; fileRef = 04EE5D4221E4E025005949A3 /* HHRegularExpression.m */; };
		04EE5D4621E4E082005949A3 /* HHMatchResult.m in Sources */ = {isa = PBXBuildFile; fileRef = 04EE5D4521E4E082005949A3 /* HHMatchResult.m */; };
/* End PBXBuildFile section */

/* Begin PBXContainerItemProxy section */
		04EE5CFE21E3034C005949A3 /* PBXContainerItemProxy */ = {
			isa = PBXContainerItemProxy;
			containerPortal = 04EE5CDD21E3034A005949A3 /* Project object */;
			proxyType = 1;
			remoteGlobalIDString = 04EE5CE421E3034A005949A3;
			remoteInfo = HHRouterTestDemo;
		};
		04EE5D0921E3034C005949A3 /* PBXContainerItemProxy */ = {
			isa = PBXContainerItemProxy;
			containerPortal = 04EE5CDD21E3034A005949A3 /* Project object */;
			proxyType = 1;
			remoteGlobalIDString = 04EE5CE421E3034A005949A3;
			remoteInfo = HHRouterTestDemo;
		};
/* End PBXContainerItemProxy section */

/* Begin PBXFileReference section */
		04EE5CE521E3034A005949A3 /* HHRouterTestDemo.app */ = {isa = PBXFileReference; explicitFileType = wrapper.application; includeInIndex = 0; path = HHRouterTestDemo.app; sourceTree = BUILT_PRODUCTS_DIR; };
		04EE5CE821E3034A005949A3 /* AppDelegate.h */ = {isa = PBXFileReference; lastKnownFileType = sourcecode.c.h; path = AppDelegate.h; sourceTree = "<group>"; };
		04EE5CE921E3034A005949A3 /* AppDelegate.m */ = {isa = PBXFileReference; lastKnownFileType = sourcecode.c.objc; path = AppDelegate.m; sourceTree = "<group>"; };
		04EE5CEB21E3034A005949A3 /* ViewController.h */ = {isa = PBXFileReference; lastKnownFileType = sourcecode.c.h; path = ViewController.h; sourceTree = "<group>"; };
		04EE5CEC21E3034A005949A3 /* ViewController.m */ = {isa = PBXFileReference; lastKnownFileType = sourcecode.c.objc; path = ViewController.m; sourceTree = "<group>"; };
		04EE5CEF21E3034A005949A3 /* Base */ = {isa = PBXFileReference; lastKnownFileType = file.storyboard; name = Base; path = Base.lproj/Main.storyboard; sourceTree = "<group>"; };
		04EE5CF121E3034C005949A3 /* Assets.xcassets */ = {isa = PBXFileReference; lastKnownFileType = folder.assetcatalog; path = Assets.xcassets; sourceTree = "<group>"; };
		04EE5CF421E3034C005949A3 /* Base */ = {isa = PBXFileReference; lastKnownFileType = file.storyboard; name = Base; path = Base.lproj/LaunchScreen.storyboard; sourceTree = "<group>"; };
		04EE5CF621E3034C005949A3 /* Info.plist */ = {isa = PBXFileReference; lastKnownFileType = text.plist.xml; path = Info.plist; sourceTree = "<group>"; };
		04EE5CF721E3034C005949A3 /* main.m */ = {isa = PBXFileReference; lastKnownFileType = sourcecode.c.objc; path = main.m; sourceTree = "<group>"; };
		04EE5CFD21E3034C005949A3 /* HHRouterTestDemoTests.xctest */ = {isa = PBXFileReference; explicitFileType = wrapper.cfbundle; includeInIndex = 0; path = HHRouterTestDemoTests.xctest; sourceTree = BUILT_PRODUCTS_DIR; };
		04EE5D0121E3034C005949A3 /* HHRouterTestDemoTests.m */ = {isa = PBXFileReference; lastKnownFileType = sourcecode.c.objc; path = HHRouterTestDemoTests.m; sourceTree = "<group>"; };
		04EE5D0321E3034C005949A3 /* Info.plist */ = {isa = PBXFileReference; lastKnownFileType = text.plist.xml; path = Info.plist; sourceTree = "<group>"; };
		04EE5D0821E3034C005949A3 /* HHRouterTestDemoUITests.xctest */ = {isa = PBXFileReference; explicitFileType = wrapper.cfbundle; includeInIndex = 0; path = HHRouterTestDemoUITests.xctest; sourceTree = BUILT_PRODUCTS_DIR; };
		04EE5D0C21E3034C005949A3 /* HHRouterTestDemoUITests.m */ = {isa = PBXFileReference; lastKnownFileType = sourcecode.c.objc; path = HHRouterTestDemoUITests.m; sourceTree = "<group>"; };
		04EE5D0E21E3034C005949A3 /* Info.plist */ = {isa = PBXFileReference; lastKnownFileType = text.plist.xml; path = Info.plist; sourceTree = "<group>"; };
		04EE5D1A21E3037B005949A3 /* HHRouter.h */ = {isa = PBXFileReference; lastKnownFileType = sourcecode.c.h; path = HHRouter.h; sourceTree = "<group>"; };
		04EE5D1B21E3037B005949A3 /* HHRouter.m */ = {isa = PBXFileReference; lastKnownFileType = sourcecode.c.objc; path = HHRouter.m; sourceTree = "<group>"; };
		04EE5D2621E325DC005949A3 /* HHRouteRequest.h */ = {isa = PBXFileReference; lastKnownFileType = sourcecode.c.h; path = HHRouteRequest.h; sourceTree = "<group>"; };
		04EE5D2721E325DC005949A3 /* HHRouteRequest.m */ = {isa = PBXFileReference; lastKnownFileType = sourcecode.c.objc; path = HHRouteRequest.m; sourceTree = "<group>"; };
		04EE5D2921E325EB005949A3 /* HHRouteMatcher.h */ = {isa = PBXFileReference; lastKnownFileType = sourcecode.c.h; path = HHRouteMatcher.h; sourceTree = "<group>"; };
		04EE5D2A21E325EB005949A3 /* HHRouteMatcher.m */ = {isa = PBXFileReference; lastKnownFileType = sourcecode.c.objc; path = HHRouteMatcher.m; sourceTree = "<group>"; };
		04EE5D2C21E325FD005949A3 /* HHRouteHandler.h */ = {isa = PBXFileReference; lastKnownFileType = sourcecode.c.h; path = HHRouteHandler.h; sourceTree = "<group>"; };
		04EE5D2D21E325FD005949A3 /* HHRouteHandler.m */ = {isa = PBXFileReference; lastKnownFileType = sourcecode.c.objc; path = HHRouteHandler.m; sourceTree = "<group>"; };
		04EE5D3221E498B1005949A3 /* NSString+HHQuery.h */ = {isa = PBXFileReference; lastKnownFileType = sourcecode.c.h; path = "NSString+HHQuery.h"; sourceTree = "<group>"; };
		04EE5D3321E498B1005949A3 /* NSString+HHQuery.m */ = {isa = PBXFileReference; lastKnownFileType = sourcecode.c.objc; path = "NSString+HHQuery.m"; sourceTree = "<group>"; };
		04EE5D3521E4A0F2005949A3 /* NSError+HHError.h */ = {isa = PBXFileReference; lastKnownFileType = sourcecode.c.h; path = "NSError+HHError.h"; sourceTree = "<group>"; };
		04EE5D3621E4A0F2005949A3 /* NSError+HHError.m */ = {isa = PBXFileReference; lastKnownFileType = sourcecode.c.objc; path = "NSError+HHError.m"; sourceTree = "<group>"; };
		04EE5D3B21E4BF2A005949A3 /* UIViewController+HHRoute.h */ = {isa = PBXFileReference; lastKnownFileType = sourcecode.c.h; path = "UIViewController+HHRoute.h"; sourceTree = "<group>"; };
		04EE5D3C21E4BF2A005949A3 /* UIViewController+HHRoute.m */ = {isa = PBXFileReference; lastKnownFileType = sourcecode.c.objc; path = "UIViewController+HHRoute.m"; sourceTree = "<group>"; };
		04EE5D4121E4E025005949A3 /* HHRegularExpression.h */ = {isa = PBXFileReference; lastKnownFileType = sourcecode.c.h; path = HHRegularExpression.h; sourceTree = "<group>"; };
		04EE5D4221E4E025005949A3 /* HHRegularExpression.m */ = {isa = PBXFileReference; lastKnownFileType = sourcecode.c.objc; path = HHRegularExpression.m; sourceTree = "<group>"; };
		04EE5D4421E4E082005949A3 /* HHMatchResult.h */ = {isa = PBXFileReference; lastKnownFileType = sourcecode.c.h; path = HHMatchResult.h; sourceTree = "<group>"; };
		04EE5D4521E4E082005949A3 /* HHMatchResult.m */ = {isa = PBXFileReference; lastKnownFileType = sourcecode.c.objc; path = HHMatchResult.m; sourceTree = "<group>"; };
		04EE5D4721E51533005949A3 /* HHRouterTestDemo.entitlements */ = {isa = PBXFileReference; lastKnownFileType = text.plist.entitlements; path = HHRouterTestDemo.entitlements; sourceTree = "<group>"; };
/* End PBXFileReference section */

/* Begin PBXFrameworksBuildPhase section */
		04EE5CE221E3034A005949A3 /* Frameworks */ = {
			isa = PBXFrameworksBuildPhase;
			buildActionMask = 2147483647;
			files = (
			);
			runOnlyForDeploymentPostprocessing = 0;
		};
		04EE5CFA21E3034C005949A3 /* Frameworks */ = {
			isa = PBXFrameworksBuildPhase;
			buildActionMask = 2147483647;
			files = (
			);
			runOnlyForDeploymentPostprocessing = 0;
		};
		04EE5D0521E3034C005949A3 /* Frameworks */ = {
			isa = PBXFrameworksBuildPhase;
			buildActionMask = 2147483647;
			files = (
			);
			runOnlyForDeploymentPostprocessing = 0;
		};
/* End PBXFrameworksBuildPhase section */

/* Begin PBXGroup section */
		04EE5CDC21E3034A005949A3 = {
			isa = PBXGroup;
			children = (
				04EE5CE721E3034A005949A3 /* HHRouterTestDemo */,
				04EE5D0021E3034C005949A3 /* HHRouterTestDemoTests */,
				04EE5D0B21E3034C005949A3 /* HHRouterTestDemoUITests */,
				04EE5CE621E3034A005949A3 /* Products */,
			);
			sourceTree = "<group>";
		};
		04EE5CE621E3034A005949A3 /* Products */ = {
			isa = PBXGroup;
			children = (
				04EE5CE521E3034A005949A3 /* HHRouterTestDemo.app */,
				04EE5CFD21E3034C005949A3 /* HHRouterTestDemoTests.xctest */,
				04EE5D0821E3034C005949A3 /* HHRouterTestDemoUITests.xctest */,
			);
			name = Products;
			sourceTree = "<group>";
		};
		04EE5CE721E3034A005949A3 /* HHRouterTestDemo */ = {
			isa = PBXGroup;
			children = (
				04EE5D4721E51533005949A3 /* HHRouterTestDemo.entitlements */,
				04EE5CE821E3034A005949A3 /* AppDelegate.h */,
				04EE5CE921E3034A005949A3 /* AppDelegate.m */,
				04EE5CEB21E3034A005949A3 /* ViewController.h */,
				04EE5CEC21E3034A005949A3 /* ViewController.m */,
				04EE5D1A21E3037B005949A3 /* HHRouter.h */,
				04EE5D1B21E3037B005949A3 /* HHRouter.m */,
				04EE5D2621E325DC005949A3 /* HHRouteRequest.h */,
				04EE5D2721E325DC005949A3 /* HHRouteRequest.m */,
				04EE5D2921E325EB005949A3 /* HHRouteMatcher.h */,
				04EE5D2A21E325EB005949A3 /* HHRouteMatcher.m */,
				04EE5D2C21E325FD005949A3 /* HHRouteHandler.h */,
				04EE5D2D21E325FD005949A3 /* HHRouteHandler.m */,
				04EE5D3221E498B1005949A3 /* NSString+HHQuery.h */,
				04EE5D3321E498B1005949A3 /* NSString+HHQuery.m */,
				04EE5D3521E4A0F2005949A3 /* NSError+HHError.h */,
				04EE5D3621E4A0F2005949A3 /* NSError+HHError.m */,
				04EE5D3B21E4BF2A005949A3 /* UIViewController+HHRoute.h */,
				04EE5D3C21E4BF2A005949A3 /* UIViewController+HHRoute.m */,
				04EE5D4121E4E025005949A3 /* HHRegularExpression.h */,
				04EE5D4221E4E025005949A3 /* HHRegularExpression.m */,
				04EE5D4421E4E082005949A3 /* HHMatchResult.h */,
				04EE5D4521E4E082005949A3 /* HHMatchResult.m */,
				04EE5CEE21E3034A005949A3 /* Main.storyboard */,
				04EE5CF121E3034C005949A3 /* Assets.xcassets */,
				04EE5CF321E3034C005949A3 /* LaunchScreen.storyboard */,
				04EE5CF621E3034C005949A3 /* Info.plist */,
				04EE5CF721E3034C005949A3 /* main.m */,
			);
			path = HHRouterTestDemo;
			sourceTree = "<group>";
		};
		04EE5D0021E3034C005949A3 /* HHRouterTestDemoTests */ = {
			isa = PBXGroup;
			children = (
				04EE5D0121E3034C005949A3 /* HHRouterTestDemoTests.m */,
				04EE5D0321E3034C005949A3 /* Info.plist */,
			);
			path = HHRouterTestDemoTests;
			sourceTree = "<group>";
		};
		04EE5D0B21E3034C005949A3 /* HHRouterTestDemoUITests */ = {
			isa = PBXGroup;
			children = (
				04EE5D0C21E3034C005949A3 /* HHRouterTestDemoUITests.m */,
				04EE5D0E21E3034C005949A3 /* Info.plist */,
			);
			path = HHRouterTestDemoUITests;
			sourceTree = "<group>";
		};
/* End PBXGroup section */

/* Begin PBXNativeTarget section */
		04EE5CE421E3034A005949A3 /* HHRouterTestDemo */ = {
			isa = PBXNativeTarget;
			buildConfigurationList = 04EE5D1121E3034C005949A3 /* Build configuration list for PBXNativeTarget "HHRouterTestDemo" */;
			buildPhases = (
				04EE5CE121E3034A005949A3 /* Sources */,
				04EE5CE221E3034A005949A3 /* Frameworks */,
				04EE5CE321E3034A005949A3 /* Resources */,
			);
			buildRules = (
			);
			dependencies = (
			);
			name = HHRouterTestDemo;
			productName = HHRouterTestDemo;
			productReference = 04EE5CE521E3034A005949A3 /* HHRouterTestDemo.app */;
			productType = "com.apple.product-type.application";
		};
		04EE5CFC21E3034C005949A3 /* HHRouterTestDemoTests */ = {
			isa = PBXNativeTarget;
			buildConfigurationList = 04EE5D1421E3034C005949A3 /* Build configuration list for PBXNativeTarget "HHRouterTestDemoTests" */;
			buildPhases = (
				04EE5CF921E3034C005949A3 /* Sources */,
				04EE5CFA21E3034C005949A3 /* Frameworks */,
				04EE5CFB21E3034C005949A3 /* Resources */,
			);
			buildRules = (
			);
			dependencies = (
				04EE5CFF21E3034C005949A3 /* PBXTargetDependency */,
			);
			name = HHRouterTestDemoTests;
			productName = HHRouterTestDemoTests;
			productReference = 04EE5CFD21E3034C005949A3 /* HHRouterTestDemoTests.xctest */;
			productType = "com.apple.product-type.bundle.unit-test";
		};
		04EE5D0721E3034C005949A3 /* HHRouterTestDemoUITests */ = {
			isa = PBXNativeTarget;
			buildConfigurationList = 04EE5D1721E3034C005949A3 /* Build configuration list for PBXNativeTarget "HHRouterTestDemoUITests" */;
			buildPhases = (
				04EE5D0421E3034C005949A3 /* Sources */,
				04EE5D0521E3034C005949A3 /* Frameworks */,
				04EE5D0621E3034C005949A3 /* Resources */,
			);
			buildRules = (
			);
			dependencies = (
				04EE5D0A21E3034C005949A3 /* PBXTargetDependency */,
			);
			name = HHRouterTestDemoUITests;
			productName = HHRouterTestDemoUITests;
			productReference = 04EE5D0821E3034C005949A3 /* HHRouterTestDemoUITests.xctest */;
			productType = "com.apple.product-type.bundle.ui-testing";
		};
/* End PBXNativeTarget section */

/* Begin PBXProject section */
		04EE5CDD21E3034A005949A3 /* Project object */ = {
			isa = PBXProject;
			attributes = {
				LastUpgradeCheck = 1010;
				ORGANIZATIONNAME = HanHan;
				TargetAttributes = {
					04EE5CE421E3034A005949A3 = {
						CreatedOnToolsVersion = 10.1;
						SystemCapabilities = {
							com.apple.SafariKeychain = {
								enabled = 1;
							};
						};
					};
					04EE5CFC21E3034C005949A3 = {
						CreatedOnToolsVersion = 10.1;
						TestTargetID = 04EE5CE421E3034A005949A3;
					};
					04EE5D0721E3034C005949A3 = {
						CreatedOnToolsVersion = 10.1;
						TestTargetID = 04EE5CE421E3034A005949A3;
					};
				};
			};
			buildConfigurationList = 04EE5CE021E3034A005949A3 /* Build configuration list for PBXProject "HHRouterTestDemo" */;
			compatibilityVersion = "Xcode 10.0";
			developmentRegion = en;
			hasScannedForEncodings = 0;
			knownRegions = (
				en,
				Base,
			);
			mainGroup = 04EE5CDC21E3034A005949A3;
			productRefGroup = 04EE5CE621E3034A005949A3 /* Products */;
			projectDirPath = "";
			projectRoot = "";
			targets = (
				04EE5CE421E3034A005949A3 /* HHRouterTestDemo */,
				04EE5CFC21E3034C005949A3 /* HHRouterTestDemoTests */,
				04EE5D0721E3034C005949A3 /* HHRouterTestDemoUITests */,
			);
		};
/* End PBXProject section */

/* Begin PBXResourcesBuildPhase section */
		04EE5CE321E3034A005949A3 /* Resources */ = {
			isa = PBXResourcesBuildPhase;
			buildActionMask = 2147483647;
			files = (
				04EE5CF521E3034C005949A3 /* LaunchScreen.storyboard in Resources */,
				04EE5CF221E3034C005949A3 /* Assets.xcassets in Resources */,
				04EE5CF021E3034A005949A3 /* Main.storyboard in Resources */,
			);
			runOnlyForDeploymentPostprocessing = 0;
		};
		04EE5CFB21E3034C005949A3 /* Resources */ = {
			isa = PBXResourcesBuildPhase;
			buildActionMask = 2147483647;
			files = (
			);
			runOnlyForDeploymentPostprocessing = 0;
		};
		04EE5D0621E3034C005949A3 /* Resources */ = {
			isa = PBXResourcesBuildPhase;
			buildActionMask = 2147483647;
			files = (
			);
			runOnlyForDeploymentPostprocessing = 0;
		};
/* End PBXResourcesBuildPhase section */

/* Begin PBXSourcesBuildPhase section */
		04EE5CE121E3034A005949A3 /* Sources */ = {
			isa = PBXSourcesBuildPhase;
			buildActionMask = 2147483647;
			files = (
				04EE5CED21E3034A005949A3 /* ViewController.m in Sources */,
				04EE5D3421E498B1005949A3 /* NSString+HHQuery.m in Sources */,
				04EE5D4621E4E082005949A3 /* HHMatchResult.m in Sources */,
				04EE5D2821E325DC005949A3 /* HHRouteRequest.m in Sources */,
				04EE5D3721E4A0F2005949A3 /* NSError+HHError.m in Sources */,
				04EE5D2B21E325EB005949A3 /* HHRouteMatcher.m in Sources */,
				04EE5CF821E3034C005949A3 /* main.m in Sources */,
				04EE5D1C21E3037B005949A3 /* HHRouter.m in Sources */,
				04EE5CEA21E3034A005949A3 /* AppDelegate.m in Sources */,
				04EE5D3D21E4BF2A005949A3 /* UIViewController+HHRoute.m in Sources */,
				04EE5D4321E4E025005949A3 /* HHRegularExpression.m in Sources */,
				04EE5D2E21E325FD005949A3 /* HHRouteHandler.m in Sources */,
			);
			runOnlyForDeploymentPostprocessing = 0;
		};
		04EE5CF921E3034C005949A3 /* Sources */ = {
			isa = PBXSourcesBuildPhase;
			buildActionMask = 2147483647;
			files = (
				04EE5D0221E3034C005949A3 /* HHRouterTestDemoTests.m in Sources */,
			);
			runOnlyForDeploymentPostprocessing = 0;
		};
		04EE5D0421E3034C005949A3 /* Sources */ = {
			isa = PBXSourcesBuildPhase;
			buildActionMask = 2147483647;
			files = (
				04EE5D0D21E3034C005949A3 /* HHRouterTestDemoUITests.m in Sources */,
			);
			runOnlyForDeploymentPostprocessing = 0;
		};
/* End PBXSourcesBuildPhase section */

/* Begin PBXTargetDependency section */
		04EE5CFF21E3034C005949A3 /* PBXTargetDependency */ = {
			isa = PBXTargetDependency;
			target = 04EE5CE421E3034A005949A3 /* HHRouterTestDemo */;
			targetProxy = 04EE5CFE21E3034C005949A3 /* PBXContainerItemProxy */;
		};
		04EE5D0A21E3034C005949A3 /* PBXTargetDependency */ = {
			isa = PBXTargetDependency;
			target = 04EE5CE421E3034A005949A3 /* HHRouterTestDemo */;
			targetProxy = 04EE5D0921E3034C005949A3 /* PBXContainerItemProxy */;
		};
/* End PBXTargetDependency section */

/* Begin PBXVariantGroup section */
		04EE5CEE21E3034A005949A3 /* Main.storyboard */ = {
			isa = PBXVariantGroup;
			children = (
				04EE5CEF21E3034A005949A3 /* Base */,
			);
			name = Main.storyboard;
			sourceTree = "<group>";
		};
		04EE5CF321E3034C005949A3 /* LaunchScreen.storyboard */ = {
			isa = PBXVariantGroup;
			children = (
				04EE5CF421E3034C005949A3 /* Base */,
			);
			name = LaunchScreen.storyboard;
			sourceTree = "<group>";
		};
/* End PBXVariantGroup section */

/* Begin XCBuildConfiguration section */
		04EE5D0F21E3034C005949A3 /* Debug */ = {
			isa = XCBuildConfiguration;
			buildSettings = {
				ALWAYS_SEARCH_USER_PATHS = NO;
				CLANG_ANALYZER_NONNULL = YES;
				CLANG_ANALYZER_NUMBER_OBJECT_CONVERSION = YES_AGGRESSIVE;
				CLANG_CXX_LANGUAGE_STANDARD = "gnu++14";
				CLANG_CXX_LIBRARY = "libc++";
				CLANG_ENABLE_MODULES = YES;
				CLANG_ENABLE_OBJC_ARC = YES;
				CLANG_ENABLE_OBJC_WEAK = YES;
				CLANG_WARN_BLOCK_CAPTURE_AUTORELEASING = YES;
				CLANG_WARN_BOOL_CONVERSION = YES;
				CLANG_WARN_COMMA = YES;
				CLANG_WARN_CONSTANT_CONVERSION = YES;
				CLANG_WARN_DEPRECATED_OBJC_IMPLEMENTATIONS = YES;
				CLANG_WARN_DIRECT_OBJC_ISA_USAGE = YES_ERROR;
				CLANG_WARN_DOCUMENTATION_COMMENTS = YES;
				CLANG_WARN_EMPTY_BODY = YES;
				CLANG_WARN_ENUM_CONVERSION = YES;
				CLANG_WARN_INFINITE_RECURSION = YES;
				CLANG_WARN_INT_CONVERSION = YES;
				CLANG_WARN_NON_LITERAL_NULL_CONVERSION = YES;
				CLANG_WARN_OBJC_IMPLICIT_RETAIN_SELF = YES;
				CLANG_WARN_OBJC_LITERAL_CONVERSION = YES;
				CLANG_WARN_OBJC_ROOT_CLASS = YES_ERROR;
				CLANG_WARN_RANGE_LOOP_ANALYSIS = YES;
				CLANG_WARN_STRICT_PROTOTYPES = YES;
				CLANG_WARN_SUSPICIOUS_MOVE = YES;
				CLANG_WARN_UNGUARDED_AVAILABILITY = YES_AGGRESSIVE;
				CLANG_WARN_UNREACHABLE_CODE = YES;
				CLANG_WARN__DUPLICATE_METHOD_MATCH = YES;
				CODE_SIGN_IDENTITY = "iPhone Developer";
				COPY_PHASE_STRIP = NO;
				DEBUG_INFORMATION_FORMAT = dwarf;
				ENABLE_STRICT_OBJC_MSGSEND = YES;
				ENABLE_TESTABILITY = YES;
				GCC_C_LANGUAGE_STANDARD = gnu11;
				GCC_DYNAMIC_NO_PIC = NO;
				GCC_NO_COMMON_BLOCKS = YES;
				GCC_OPTIMIZATION_LEVEL = 0;
				GCC_PREPROCESSOR_DEFINITIONS = (
					"DEBUG=1",
					"$(inherited)",
				);
				GCC_WARN_64_TO_32_BIT_CONVERSION = YES;
				GCC_WARN_ABOUT_RETURN_TYPE = YES_ERROR;
				GCC_WARN_UNDECLARED_SELECTOR = YES;
				GCC_WARN_UNINITIALIZED_AUTOS = YES_AGGRESSIVE;
				GCC_WARN_UNUSED_FUNCTION = YES;
				GCC_WARN_UNUSED_VARIABLE = YES;
				IPHONEOS_DEPLOYMENT_TARGET = 12.1;
				MTL_ENABLE_DEBUG_INFO = INCLUDE_SOURCE;
				MTL_FAST_MATH = YES;
				ONLY_ACTIVE_ARCH = YES;
				SDKROOT = iphoneos;
			};
			name = Debug;
		};
		04EE5D1021E3034C005949A3 /* Release */ = {
			isa = XCBuildConfiguration;
			buildSettings = {
				ALWAYS_SEARCH_USER_PATHS = NO;
				CLANG_ANALYZER_NONNULL = YES;
				CLANG_ANALYZER_NUMBER_OBJECT_CONVERSION = YES_AGGRESSIVE;
				CLANG_CXX_LANGUAGE_STANDARD = "gnu++14";
				CLANG_CXX_LIBRARY = "libc++";
				CLANG_ENABLE_MODULES = YES;
				CLANG_ENABLE_OBJC_ARC = YES;
				CLANG_ENABLE_OBJC_WEAK = YES;
				CLANG_WARN_BLOCK_CAPTURE_AUTORELEASING = YES;
				CLANG_WARN_BOOL_CONVERSION = YES;
				CLANG_WARN_COMMA = YES;
				CLANG_WARN_CONSTANT_CONVERSION = YES;
				CLANG_WARN_DEPRECATED_OBJC_IMPLEMENTATIONS = YES;
				CLANG_WARN_DIRECT_OBJC_ISA_USAGE = YES_ERROR;
				CLANG_WARN_DOCUMENTATION_COMMENTS = YES;
				CLANG_WARN_EMPTY_BODY = YES;
				CLANG_WARN_ENUM_CONVERSION = YES;
				CLANG_WARN_INFINITE_RECURSION = YES;
				CLANG_WARN_INT_CONVERSION = YES;
				CLANG_WARN_NON_LITERAL_NULL_CONVERSION = YES;
				CLANG_WARN_OBJC_IMPLICIT_RETAIN_SELF = YES;
				CLANG_WARN_OBJC_LITERAL_CONVERSION = YES;
				CLANG_WARN_OBJC_ROOT_CLASS = YES_ERROR;
				CLANG_WARN_RANGE_LOOP_ANALYSIS = YES;
				CLANG_WARN_STRICT_PROTOTYPES = YES;
				CLANG_WARN_SUSPICIOUS_MOVE = YES;
				CLANG_WARN_UNGUARDED_AVAILABILITY = YES_AGGRESSIVE;
				CLANG_WARN_UNREACHABLE_CODE = YES;
				CLANG_WARN__DUPLICATE_METHOD_MATCH = YES;
				CODE_SIGN_IDENTITY = "iPhone Developer";
				COPY_PHASE_STRIP = NO;
				DEBUG_INFORMATION_FORMAT = "dwarf-with-dsym";
				ENABLE_NS_ASSERTIONS = NO;
				ENABLE_STRICT_OBJC_MSGSEND = YES;
				GCC_C_LANGUAGE_STANDARD = gnu11;
				GCC_NO_COMMON_BLOCKS = YES;
				GCC_WARN_64_TO_32_BIT_CONVERSION = YES;
				GCC_WARN_ABOUT_RETURN_TYPE = YES_ERROR;
				GCC_WARN_UNDECLARED_SELECTOR = YES;
				GCC_WARN_UNINITIALIZED_AUTOS = YES_AGGRESSIVE;
				GCC_WARN_UNUSED_FUNCTION = YES;
				GCC_WARN_UNUSED_VARIABLE = YES;
				IPHONEOS_DEPLOYMENT_TARGET = 12.1;
				MTL_ENABLE_DEBUG_INFO = NO;
				MTL_FAST_MATH = YES;
				SDKROOT = iphoneos;
				VALIDATE_PRODUCT = YES;
			};
			name = Release;
		};
		04EE5D1221E3034C005949A3 /* Debug */ = {
			isa = XCBuildConfiguration;
			buildSettings = {
				ASSETCATALOG_COMPILER_APPICON_NAME = AppIcon;
				CODE_SIGN_ENTITLEMENTS = HHRouterTestDemo/HHRouterTestDemo.entitlements;
				CODE_SIGN_STYLE = Automatic;
				DEVELOPMENT_TEAM = 3CE6K75AM8;
				INFOPLIST_FILE = HHRouterTestDemo/Info.plist;
				LD_RUNPATH_SEARCH_PATHS = (
					"$(inherited)",
					"@executable_path/Frameworks",
				);
				PRODUCT_BUNDLE_IDENTIFIER = com.hanhan.HHRouterTestDemo;
				PRODUCT_NAME = "$(TARGET_NAME)";
				TARGETED_DEVICE_FAMILY = 1;
			};
			name = Debug;
		};
		04EE5D1321E3034C005949A3 /* Release */ = {
			isa = XCBuildConfiguration;
			buildSettings = {
				ASSETCATALOG_COMPILER_APPICON_NAME = AppIcon;
				CODE_SIGN_ENTITLEMENTS = HHRouterTestDemo/HHRouterTestDemo.entitlements;
				CODE_SIGN_STYLE = Automatic;
				DEVELOPMENT_TEAM = 3CE6K75AM8;
				INFOPLIST_FILE = HHRouterTestDemo/Info.plist;
				LD_RUNPATH_SEARCH_PATHS = (
					"$(inherited)",
					"@executable_path/Frameworks",
				);
				PRODUCT_BUNDLE_IDENTIFIER = com.hanhan.HHRouterTestDemo;
				PRODUCT_NAME = "$(TARGET_NAME)";
				TARGETED_DEVICE_FAMILY = 1;
			};
			name = Release;
		};
		04EE5D1521E3034C005949A3 /* Debug */ = {
			isa = XCBuildConfiguration;
			buildSettings = {
				BUNDLE_LOADER = "$(TEST_HOST)";
				CODE_SIGN_STYLE = Automatic;
				INFOPLIST_FILE = HHRouterTestDemoTests/Info.plist;
				LD_RUNPATH_SEARCH_PATHS = (
					"$(inherited)",
					"@executable_path/Frameworks",
					"@loader_path/Frameworks",
				);
				PRODUCT_BUNDLE_IDENTIFIER = com.hanhan.HHRouterTestDemoTests;
				PRODUCT_NAME = "$(TARGET_NAME)";
				TARGETED_DEVICE_FAMILY = "1,2";
				TEST_HOST = "$(BUILT_PRODUCTS_DIR)/HHRouterTestDemo.app/HHRouterTestDemo";
			};
			name = Debug;
		};
		04EE5D1621E3034C005949A3 /* Release */ = {
			isa = XCBuildConfiguration;
			buildSettings = {
				BUNDLE_LOADER = "$(TEST_HOST)";
				CODE_SIGN_STYLE = Automatic;
				INFOPLIST_FILE = HHRouterTestDemoTests/Info.plist;
				LD_RUNPATH_SEARCH_PATHS = (
					"$(inherited)",
					"@executable_path/Frameworks",
					"@loader_path/Frameworks",
				);
				PRODUCT_BUNDLE_IDENTIFIER = com.hanhan.HHRouterTestDemoTests;
				PRODUCT_NAME = "$(TARGET_NAME)";
				TARGETED_DEVICE_FAMILY = "1,2";
				TEST_HOST = "$(BUILT_PRODUCTS_DIR)/HHRouterTestDemo.app/HHRouterTestDemo";
			};
			name = Release;
		};
		04EE5D1821E3034C005949A3 /* Debug */ = {
			isa = XCBuildConfiguration;
			buildSettings = {
				CODE_SIGN_STYLE = Automatic;
				INFOPLIST_FILE = HHRouterTestDemoUITests/Info.plist;
				LD_RUNPATH_SEARCH_PATHS = (
					"$(inherited)",
					"@executable_path/Frameworks",
					"@loader_path/Frameworks",
				);
				PRODUCT_BUNDLE_IDENTIFIER = com.hanhan.HHRouterTestDemoUITests;
				PRODUCT_NAME = "$(TARGET_NAME)";
				TARGETED_DEVICE_FAMILY = "1,2";
				TEST_TARGET_NAME = HHRouterTestDemo;
			};
			name = Debug;
		};
		04EE5D1921E3034C005949A3 /* Release */ = {
			isa = XCBuildConfiguration;
			buildSettings = {
				CODE_SIGN_STYLE = Automatic;
				INFOPLIST_FILE = HHRouterTestDemoUITests/Info.plist;
				LD_RUNPATH_SEARCH_PATHS = (
					"$(inherited)",
					"@executable_path/Frameworks",
					"@loader_path/Frameworks",
				);
				PRODUCT_BUNDLE_IDENTIFIER = com.hanhan.HHRouterTestDemoUITests;
				PRODUCT_NAME = "$(TARGET_NAME)";
				TARGETED_DEVICE_FAMILY = "1,2";
				TEST_TARGET_NAME = HHRouterTestDemo;
			};
			name = Release;
		};
/* End XCBuildConfiguration section */

/* Begin XCConfigurationList section */
		04EE5CE021E3034A005949A3 /* Build configuration list for PBXProject "HHRouterTestDemo" */ = {
			isa = XCConfigurationList;
			buildConfigurations = (
				04EE5D0F21E3034C005949A3 /* Debug */,
				04EE5D1021E3034C005949A3 /* Release */,
			);
			defaultConfigurationIsVisible = 0;
			defaultConfigurationName = Release;
		};
		04EE5D1121E3034C005949A3 /* Build configuration list for PBXNativeTarget "HHRouterTestDemo" */ = {
			isa = XCConfigurationList;
			buildConfigurations = (
				04EE5D1221E3034C005949A3 /* Debug */,
				04EE5D1321E3034C005949A3 /* Release */,
			);
			defaultConfigurationIsVisible = 0;
			defaultConfigurationName = Release;
		};
		04EE5D1421E3034C005949A3 /* Build configuration list for PBXNativeTarget "HHRouterTestDemoTests" */ = {
			isa = XCConfigurationList;
			buildConfigurations = (
				04EE5D1521E3034C005949A3 /* Debug */,
				04EE5D1621E3034C005949A3 /* Release */,
			);
			defaultConfigurationIsVisible = 0;
			defaultConfigurationName = Release;
		};
		04EE5D1721E3034C005949A3 /* Build configuration list for PBXNativeTarget "HHRouterTestDemoUITests" */ = {
			isa = XCConfigurationList;
			buildConfigurations = (
				04EE5D1821E3034C005949A3 /* Debug */,
				04EE5D1921E3034C005949A3 /* Release */,
			);
			defaultConfigurationIsVisible = 0;
			defaultConfigurationName = Release;
		};
/* End XCConfigurationList section */
	};
	rootObject = 04EE5CDD21E3034A005949A3 /* Project object */;
}
